// !$*UTF8*$!
{
	archiveVersion = 1;
	classes = {
	};
	objectVersion = 46;
	objects = {

/* Begin PBXBuildFile section */
		AE60E4CD1F50232900BE2614 /* AppDelegate.swift in Sources */ = {isa = PBXBuildFile; fileRef = AE60E4CC1F50232900BE2614 /* AppDelegate.swift */; };
		AE60E4CF1F50232900BE2614 /* GameScene.sks in Resources */ = {isa = PBXBuildFile; fileRef = AE60E4CE1F50232900BE2614 /* GameScene.sks */; };
		AE60E4D11F50232900BE2614 /* Actions.sks in Resources */ = {isa = PBXBuildFile; fileRef = AE60E4D01F50232900BE2614 /* Actions.sks */; };
		AE60E4D31F50232900BE2614 /* GameScene.swift in Sources */ = {isa = PBXBuildFile; fileRef = AE60E4D21F50232900BE2614 /* GameScene.swift */; };
		AE60E4D51F50232900BE2614 /* GameViewController.swift in Sources */ = {isa = PBXBuildFile; fileRef = AE60E4D41F50232900BE2614 /* GameViewController.swift */; };
		AE60E4D81F50232900BE2614 /* Main.storyboard in Resources */ = {isa = PBXBuildFile; fileRef = AE60E4D61F50232900BE2614 /* Main.storyboard */; };
		AE60E4DA1F50232900BE2614 /* Assets.xcassets in Resources */ = {isa = PBXBuildFile; fileRef = AE60E4D91F50232900BE2614 /* Assets.xcassets */; };
		AE60E4DD1F50232900BE2614 /* LaunchScreen.storyboard in Resources */ = {isa = PBXBuildFile; fileRef = AE60E4DB1F50232900BE2614 /* LaunchScreen.storyboard */; };
/* End PBXBuildFile section */

/* Begin PBXFileReference section */
		AE60E4C91F50232900BE2614 /* MJFlappyBird.app */ = {isa = PBXFileReference; explicitFileType = wrapper.application; includeInIndex = 0; path = MJFlappyBird.app; sourceTree = BUILT_PRODUCTS_DIR; };
		AE60E4CC1F50232900BE2614 /* AppDelegate.swift */ = {isa = PBXFileReference; lastKnownFileType = sourcecode.swift; path = AppDelegate.swift; sourceTree = "<group>"; };
		AE60E4CE1F50232900BE2614 /* GameScene.sks */ = {isa = PBXFileReference; lastKnownFileType = file.sks; path = GameScene.sks; sourceTree = "<group>"; };
		AE60E4D01F50232900BE2614 /* Actions.sks */ = {isa = PBXFileReference; lastKnownFileType = file.sks; path = Actions.sks; sourceTree = "<group>"; };
		AE60E4D21F50232900BE2614 /* GameScene.swift */ = {isa = PBXFileReference; lastKnownFileType = sourcecode.swift; path = GameScene.swift; sourceTree = "<group>"; };
		AE60E4D41F50232900BE2614 /* GameViewController.swift */ = {isa = PBXFileReference; lastKnownFileType = sourcecode.swift; path = GameViewController.swift; sourceTree = "<group>"; };
		AE60E4D71F50232900BE2614 /* Base */ = {isa = PBXFileReference; lastKnownFileType = file.storyboard; name = Base; path = Base.lproj/Main.storyboard; sourceTree = "<group>"; };
		AE60E4D91F50232900BE2614 /* Assets.xcassets */ = {isa = PBXFileReference; lastKnownFileType = folder.assetcatalog; path = Assets.xcassets; sourceTree = "<group>"; };
		AE60E4DC1F50232900BE2614 /* Base */ = {isa = PBXFileReference; lastKnownFileType = file.storyboard; name = Base; path = Base.lproj/LaunchScreen.storyboard; sourceTree = "<group>"; };
		AE60E4DE1F50232900BE2614 /* Info.plist */ = {isa = PBXFileReference; lastKnownFileType = text.plist.xml; path = Info.plist; sourceTree = "<group>"; };
/* End PBXFileReference section */

/* Begin PBXFrameworksBuildPhase section */
		AE60E4C61F50232900BE2614 /* Frameworks */ = {
			isa = PBXFrameworksBuildPhase;
			buildActionMask = 2147483647;
			files = (
			);
			runOnlyForDeploymentPostprocessing = 0;
		};
/* End PBXFrameworksBuildPhase section */

/* Begin PBXGroup section */
		AE60E4C01F50232900BE2614 = {
			isa = PBXGroup;
			children = (
				AE60E4CB1F50232900BE2614 /* MJFlappyBird */,
				AE60E4CA1F50232900BE2614 /* Products */,
			);
			sourceTree = "<group>";
		};
		AE60E4CA1F50232900BE2614 /* Products */ = {
			isa = PBXGroup;
			children = (
				AE60E4C91F50232900BE2614 /* MJFlappyBird.app */,
			);
			name = Products;
			sourceTree = "<group>";
		};
		AE60E4CB1F50232900BE2614 /* MJFlappyBird */ = {
			isa = PBXGroup;
			children = (
				AE60E4CC1F50232900BE2614 /* AppDelegate.swift */,
				AE60E4CE1F50232900BE2614 /* GameScene.sks */,
				AE60E4D01F50232900BE2614 /* Actions.sks */,
				AE60E4D21F50232900BE2614 /* GameScene.swift */,
				AE60E4D41F50232900BE2614 /* GameViewController.swift */,
				AE60E4D61F50232900BE2614 /* Main.storyboard */,
				AE60E4D91F50232900BE2614 /* Assets.xcassets */,
				AE60E4DB1F50232900BE2614 /* LaunchScreen.storyboard */,
				AE60E4DE1F50232900BE2614 /* Info.plist */,
			);
			path = MJFlappyBird;
			sourceTree = "<group>";
		};
/* End PBXGroup section */

/* Begin PBXNativeTarget section */
		AE60E4C81F50232900BE2614 /* MJFlappyBird */ = {
			isa = PBXNativeTarget;
			buildConfigurationList = AE60E4E11F50232900BE2614 /* Build configuration list for PBXNativeTarget "MJFlappyBird" */;
			buildPhases = (
				AE60E4C51F50232900BE2614 /* Sources */,
				AE60E4C61F50232900BE2614 /* Frameworks */,
				AE60E4C71F50232900BE2614 /* Resources */,
			);
			buildRules = (
			);
			dependencies = (
			);
			name = MJFlappyBird;
			productName = MJFlappyBird;
			productReference = AE60E4C91F50232900BE2614 /* MJFlappyBird.app */;
			productType = "com.apple.product-type.application";
		};
/* End PBXNativeTarget section */

/* Begin PBXProject section */
		AE60E4C11F50232900BE2614 /* Project object */ = {
			isa = PBXProject;
			attributes = {
				LastSwiftUpdateCheck = 0810;
				LastUpgradeCheck = 0810;
				ORGANIZATIONNAME = JingJing_Lin;
				TargetAttributes = {
					AE60E4C81F50232900BE2614 = {
						CreatedOnToolsVersion = 8.1;
						DevelopmentTeam = H2538H4P3P;
						ProvisioningStyle = Automatic;
					};
				};
			};
			buildConfigurationList = AE60E4C41F50232900BE2614 /* Build configuration list for PBXProject "MJFlappyBird" */;
			compatibilityVersion = "Xcode 3.2";
			developmentRegion = English;
			hasScannedForEncodings = 0;
			knownRegions = (
				en,
				Base,
			);
			mainGroup = AE60E4C01F50232900BE2614;
			productRefGroup = AE60E4CA1F50232900BE2614 /* Products */;
			projectDirPath = "";
			projectRoot = "";
			targets = (
				AE60E4C81F50232900BE2614 /* MJFlappyBird */,
			);
		};
/* End PBXProject section */

/* Begin PBXResourcesBuildPhase section */
		AE60E4C71F50232900BE2614 /* Resources */ = {
			isa = PBXResourcesBuildPhase;
			buildActionMask = 2147483647;
			files = (
				AE60E4D81F50232900BE2614 /* Main.storyboard in Resources */,
				AE60E4CF1F50232900BE2614 /* GameScene.sks in Resources */,
				AE60E4DA1F50232900BE2614 /* Assets.xcassets in Resources */,
				AE60E4DD1F50232900BE2614 /* LaunchScreen.storyboard in Resources */,
				AE60E4D11F50232900BE2614 /* Actions.sks in Resources */,
			);
			runOnlyForDeploymentPostprocessing = 0;
		};
/* End PBXResourcesBuildPhase section */

/* Begin PBXSourcesBuildPhase section */
		AE60E4C51F50232900BE2614 /* Sources */ = {
			isa = PBXSourcesBuildPhase;
			buildActionMask = 2147483647;
			files = (
				AE60E4D31F50232900BE2614 /* GameScene.swift in Sources */,
				AE60E4D51F50232900BE2614 /* GameViewController.swift in Sources */,
				AE60E4CD1F50232900BE2614 /* AppDelegate.swift in Sources */,
			);
			runOnlyForDeploymentPostprocessing = 0;
		};
/* End PBXSourcesBuildPhase section */

/* Begin PBXVariantGroup section */
		AE60E4D61F50232900BE2614 /* Main.storyboard */ = {
			isa = PBXVariantGroup;
			children = (
				AE60E4D71F50232900BE2614 /* Base */,
			);
			name = Main.storyboard;
			sourceTree = "<group>";
		};
		AE60E4DB1F50232900BE2614 /* LaunchScreen.storyboard */ = {
			isa = PBXVariantGroup;
			children = (
				AE60E4DC1F50232900BE2614 /* Base */,
			);
			name = LaunchScreen.storyboard;
			sourceTree = "<group>";
		};
/* End PBXVariantGroup section */

/* Begin XCBuildConfiguration section */
		AE60E4DF1F50232900BE2614 /* Debug */ = {
			isa = XCBuildConfiguration;
			buildSettings = {
				ALWAYS_SEARCH_USER_PATHS = NO;
				CLANG_ANALYZER_NONNULL = YES;
				CLANG_CXX_LANGUAGE_STANDARD = "gnu++0x";
				CLANG_CXX_LIBRARY = "libc++";
				CLANG_ENABLE_MODULES = YES;
				CLANG_ENABLE_OBJC_ARC = YES;
				CLANG_WARN_BOOL_CONVERSION = YES;
				CLANG_WARN_CONSTANT_CONVERSION = YES;
				CLANG_WARN_DIRECT_OBJC_ISA_USAGE = YES_ERROR;
				CLANG_WARN_DOCUMENTATION_COMMENTS = YES;
				CLANG_WARN_EMPTY_BODY = YES;
				CLANG_WARN_ENUM_CONVERSION = YES;
				CLANG_WARN_INFINITE_RECURSION = YES;
				CLANG_WARN_INT_CONVERSION = YES;
				CLANG_WARN_OBJC_ROOT_CLASS = YES_ERROR;
				CLANG_WARN_SUSPICIOUS_MOVES = YES;
				CLANG_WARN_UNREACHABLE_CODE = YES;
				CLANG_WARN__DUPLICATE_METHOD_MATCH = YES;
				"CODE_SIGN_IDENTITY[sdk=iphoneos*]" = "iPhone Developer";
				COPY_PHASE_STRIP = NO;
				DEBUG_INFORMATION_FORMAT = dwarf;
				ENABLE_STRICT_OBJC_MSGSEND = YES;
				ENABLE_TESTABILITY = YES;
				GCC_C_LANGUAGE_STANDARD = gnu99;
				GCC_DYNAMIC_NO_PIC = NO;
				GCC_NO_COMMON_BLOCKS = YES;
				GCC_OPTIMIZATION_LEVEL = 0;
				GCC_PREPROCESSOR_DEFINITIONS = (
					"DEBUG=1",
					"$(inherited)",
				);
				GCC_WARN_64_TO_32_BIT_CONVERSION = YES;
				GCC_WARN_ABOUT_RETURN_TYPE = YES_ERROR;
				GCC_WARN_UNDECLARED_SELECTOR = YES;
				GCC_WARN_UNINITIALIZED_AUTOS = YES_AGGRESSIVE;
				GCC_WARN_UNUSED_FUNCTION = YES;
				GCC_WARN_UNUSED_VARIABLE = YES;
				IPHONEOS_DEPLOYMENT_TARGET = 10.1;
				MTL_ENABLE_DEBUG_INFO = YES;
				ONLY_ACTIVE_ARCH = YES;
				SDKROOT = iphoneos;
				SWIFT_ACTIVE_COMPILATION_CONDITIONS = DEBUG;
				SWIFT_OPTIMIZATION_LEVEL = "-Onone";
			};
			name = Debug;
		};
		AE60E4E01F50232900BE2614 /* Release */ = {
			isa = XCBuildConfiguration;
			buildSettings = {
				ALWAYS_SEARCH_USER_PATHS = NO;
				CLANG_ANALYZER_NONNULL = YES;
				CLANG_CXX_LANGUAGE_STANDARD = "gnu++0x";
				CLANG_CXX_LIBRARY = "libc++";
				CLANG_ENABLE_MODULES = YES;
				CLANG_ENABLE_OBJC_ARC = YES;
				CLANG_WARN_BOOL_CONVERSION = YES;
				CLANG_WARN_CONSTANT_CONVERSION = YES;
				CLANG_WARN_DIRECT_OBJC_ISA_USAGE = YES_ERROR;
				CLANG_WARN_DOCUMENTATION_COMMENTS = YES;
				CLANG_WARN_EMPTY_BODY = YES;
				CLANG_WARN_ENUM_CONVERSION = YES;
				CLANG_WARN_INFINITE_RECURSION = YES;
				CLANG_WARN_INT_CONVERSION = YES;
				CLANG_WARN_OBJC_ROOT_CLASS = YES_ERROR;
				CLANG_WARN_SUSPICIOUS_MOVES = YES;
				CLANG_WARN_UNREACHABLE_CODE = YES;
				CLANG_WARN__DUPLICATE_METHOD_MATCH = YES;
				"CODE_SIGN_IDENTITY[sdk=iphoneos*]" = "iPhone Developer";
				COPY_PHASE_STRIP = NO;
				DEBUG_INFORMATION_FORMAT = "dwarf-with-dsym";
				ENABLE_NS_ASSERTIONS = NO;
				ENABLE_STRICT_OBJC_MSGSEND = YES;
				GCC_C_LANGUAGE_STANDARD = gnu99;
				GCC_NO_COMMON_BLOCKS = YES;
				GCC_WARN_64_TO_32_BIT_CONVERSION = YES;
				GCC_WARN_ABOUT_RETURN_TYPE = YES_ERROR;
				GCC_WARN_UNDECLARED_SELECTOR = YES;
				GCC_WARN_UNINITIALIZED_AUTOS = YES_AGGRESSIVE;
				GCC_WARN_UNUSED_FUNCTION = YES;
				GCC_WARN_UNUSED_VARIABLE = YES;
				IPHONEOS_DEPLOYMENT_TARGET = 10.1;
				MTL_ENABLE_DEBUG_INFO = NO;
				SDKROOT = iphoneos;
				SWIFT_OPTIMIZATION_LEVEL = "-Owholemodule";
				VALIDATE_PRODUCT = YES;
			};
			name = Release;
		};
		AE60E4E21F50232900BE2614 /* Debug */ = {
			isa = XCBuildConfiguration;
			buildSettings = {
				ASSETCATALOG_COMPILER_APPICON_NAME = AppIcon;
				DEVELOPMENT_TEAM = H2538H4P3P;
				INFOPLIST_FILE = MJFlappyBird/Info.plist;
				LD_RUNPATH_SEARCH_PATHS = "$(inherited) @executable_path/Frameworks";
				PRODUCT_BUNDLE_IDENTIFIER = com.test.MJFlappyBird;
				PRODUCT_NAME = "$(TARGET_NAME)";
				SWIFT_VERSION = 3.0;
			};
			name = Debug;
		};
		AE60E4E31F50232900BE2614 /* Release */ = {
			isa = XCBuildConfiguration;
			buildSettings = {
				ASSETCATALOG_COMPILER_APPICON_NAME = AppIcon;
				DEVELOPMENT_TEAM = H2538H4P3P;
				INFOPLIST_FILE = MJFlappyBird/Info.plist;
				LD_RUNPATH_SEARCH_PATHS = "$(inherited) @executable_path/Frameworks";
				PRODUCT_BUNDLE_IDENTIFIER = com.test.MJFlappyBird;
				PRODUCT_NAME = "$(TARGET_NAME)";
				SWIFT_VERSION = 3.0;
			};
			name = Release;
		};
/* End XCBuildConfiguration section */

/* Begin XCConfigurationList section */
		AE60E4C41F50232900BE2614 /* Build configuration list for PBXProject "MJFlappyBird" */ = {
			isa = XCConfigurationList;
			buildConfigurations = (
				AE60E4DF1F50232900BE2614 /* Debug */,
				AE60E4E01F50232900BE2614 /* Release */,
			);
			defaultConfigurationIsVisible = 0;
			defaultConfigurationName = Release;
		};
		AE60E4E11F50232900BE2614 /* Build configuration list for PBXNativeTarget "MJFlappyBird" */ = {
			isa = XCConfigurationList;
			buildConfigurations = (
				AE60E4E21F50232900BE2614 /* Debug */,
				AE60E4E31F50232900BE2614 /* Release */,
			);
			defaultConfigurationIsVisible = 0;
		};
/* End XCConfigurationList section */
	};
	rootObject = AE60E4C11F50232900BE2614 /* Project object */;
}
